
Microsoft Visual Studio Solution File, Format Version 12.00
# Visual Studio Version 16
VisualStudioVersion = 16.0.31702.278
MinimumVisualStudioVersion = 10.0.40219.1
Project("{9A19103F-16F7-4668-BE54-9A1E7A4F7556}") = "WinFormsApp1", "WinFormsApp1\WinFormsApp1.csproj", "{488C23E3-8EFD-470C-9E96-604CDFE33C04}"
EndProject
Project("{FAE04EC0-301F-11D3-BF4B-00C04F79EFBC}") = "WindowsFormsApp2", "WindowsFormsApp2\WindowsFormsApp2.csproj", "{A80A3F17-347D-45BD-B09F-C25B5A132DF4}"
EndProject
Global
	GlobalSection(SolutionConfigurationPlatforms) = preSolution
		Debug|Any CPU = Debug|Any CPU
		Release|Any CPU = Release|Any CPU
	EndGlobalSection
	GlobalSection(ProjectConfigurationPlatforms) = postSolution
		{488C23E3-8EFD-470C-9E96-604CDFE33C04}.Debug|Any CPU.ActiveCfg = Debug|Any CPU
		{488C23E3-8EFD-470C-9E96-604CDFE33C04}.Debug|Any CPU.Build.0 = Debug|Any CPU
		{488C23E3-8EFD-470C-9E96-604CDFE33C04}.Release|Any CPU.ActiveCfg = Release|Any CPU
		{488C23E3-8EFD-470C-9E96-604CDFE33C04}.Release|Any CPU.Build.0 = Release|Any CPU
		{A80A3F17-347D-45BD-B09F-C25B5A132DF4}.Debug|Any CPU.ActiveCfg = Debug|Any CPU
		{A80A3F17-347D-45BD-B09F-C25B5A132DF4}.Debug|Any CPU.Build.0 = Debug|Any CPU
		{A80A3F17-347D-45BD-B09F-C25B5A132DF4}.Release|Any CPU.ActiveCfg = Release|Any CPU
		{A80A3F17-347D-45BD-B09F-C25B5A132DF4}.Release|Any CPU.Build.0 = Release|Any CPU
	EndGlobalSection
	GlobalSection(SolutionProperties) = preSolution
		HideSolutionNode = FALSE
	EndGlobalSection
	GlobalSection(ExtensibilityGlobals) = postSolution
		SolutionGuid = {DCCDE75C-305F-400D-89B3-EEC4DF735703}
	EndGlobalSection
EndGlobal
